
Microsoft Visual Studio Solution File, Format Version 12.00
# Visual Studio Version 17
VisualStudioVersion = 17.8.34511.84
MinimumVisualStudioVersion = 10.0.40219.1
Project("{FAE04EC0-301F-11D3-BF4B-00C04F79EFBC}") = "Strongly typed", "Strongly typed\Strongly typed.csproj", "{12531F60-EE30-4AD1-BC40-57412C1BC37F}"
EndProject
Global
	GlobalSection(SolutionConfigurationPlatforms) = preSolution
		Debug|Any CPU = Debug|Any CPU
		Release|Any CPU = Release|Any CPU
	EndGlobalSection
	GlobalSection(ProjectConfigurationPlatforms) = postSolution
		{12531F60-EE30-4AD1-BC40-57412C1BC37F}.Debug|Any CPU.ActiveCfg = Debug|Any CPU
		{12531F60-EE30-4AD1-BC40-57412C1BC37F}.Debug|Any CPU.Build.0 = Debug|Any CPU
		{12531F60-EE30-4AD1-BC40-57412C1BC37F}.Release|Any CPU.ActiveCfg = Release|Any CPU
		{12531F60-EE30-4AD1-BC40-57412C1BC37F}.Release|Any CPU.Build.0 = Release|Any CPU
	EndGlobalSection
	GlobalSection(SolutionProperties) = preSolution
		HideSolutionNode = FALSE
	EndGlobalSection
	GlobalSection(ExtensibilityGlobals) = postSolution
		SolutionGuid = {15328048-5E02-46F8-A9C1-A007255C0057}
	EndGlobalSection
EndGlobal
